
Microsoft Visual Studio Solution File, Format Version 12.00
# Visual Studio 2013
VisualStudioVersion = 12.0.21005.1
MinimumVisualStudioVersion = 10.0.40219.1
Project("{FAE04EC0-301F-11D3-BF4B-00C04F79EFBC}") = "RobotDotNET", "RobotDotNET\RobotDotNET.csproj", "{CFC17690-34F9-472A-9D51-0CDB9DB14D94}"
EndProject
Global
	GlobalSection(SolutionConfigurationPlatforms) = preSolution
		Debug|Any CPU = Debug|Any CPU
		Release|Any CPU = Release|Any CPU
	EndGlobalSection
	GlobalSection(ProjectConfigurationPlatforms) = postSolution
		{CFC17690-34F9-472A-9D51-0CDB9DB14D94}.Debug|Any CPU.ActiveCfg = Debug|Any CPU
		{CFC17690-34F9-472A-9D51-0CDB9DB14D94}.Debug|Any CPU.Build.0 = Debug|Any CPU
		{CFC17690-34F9-472A-9D51-0CDB9DB14D94}.Release|Any CPU.ActiveCfg = Release|Any CPU
		{CFC17690-34F9-472A-9D51-0CDB9DB14D94}.Release|Any CPU.Build.0 = Release|Any CPU
	EndGlobalSection
	GlobalSection(SolutionProperties) = preSolution
		HideSolutionNode = FALSE
	EndGlobalSection
EndGlobal
